// !$*UTF8*$!
{
	archiveVersion = 1;
	classes = {
	};
	objectVersion = 56;
	objects = {

/* Begin PBXBuildFile section */
		B001 /* HealthInsightProApp.swift in Sources */ = {isa = PBXBuildFile; fileRef = A001 /* HealthInsightProApp.swift */; };
		B002 /* Theme.swift in Sources */ = {isa = PBXBuildFile; fileRef = A002 /* Theme.swift */; };
		B003 /* Extensions.swift in Sources */ = {isa = PBXBuildFile; fileRef = A003 /* Extensions.swift */; };
		B004 /* Constants.swift in Sources */ = {isa = PBXBuildFile; fileRef = A004 /* Constants.swift */; };
		B010 /* UserProfile.swift in Sources */ = {isa = PBXBuildFile; fileRef = A010 /* UserProfile.swift */; };
		B011 /* Nutrition.swift in Sources */ = {isa = PBXBuildFile; fileRef = A011 /* Nutrition.swift */; };
		B012 /* Sleep.swift in Sources */ = {isa = PBXBuildFile; fileRef = A012 /* Sleep.swift */; };
		B013 /* Activity.swift in Sources */ = {isa = PBXBuildFile; fileRef = A013 /* Activity.swift */; };
		B014 /* HealthMetrics.swift in Sources */ = {isa = PBXBuildFile; fileRef = A014 /* HealthMetrics.swift */; };
		B020 /* SupabaseService.swift in Sources */ = {isa = PBXBuildFile; fileRef = A020 /* SupabaseService.swift */; };
		B021 /* AuthService.swift in Sources */ = {isa = PBXBuildFile; fileRef = A021 /* AuthService.swift */; };
		B022 /* HealthKitService.swift in Sources */ = {isa = PBXBuildFile; fileRef = A022 /* HealthKitService.swift */; };
		B023 /* OpenFoodFactsService.swift in Sources */ = {isa = PBXBuildFile; fileRef = A023 /* OpenFoodFactsService.swift */; };
		B030 /* DashboardViewModel.swift in Sources */ = {isa = PBXBuildFile; fileRef = A030 /* DashboardViewModel.swift */; };
		B031 /* NutritionViewModel.swift in Sources */ = {isa = PBXBuildFile; fileRef = A031 /* NutritionViewModel.swift */; };
		B032 /* SleepViewModel.swift in Sources */ = {isa = PBXBuildFile; fileRef = A032 /* SleepViewModel.swift */; };
		B033 /* ActivityViewModel.swift in Sources */ = {isa = PBXBuildFile; fileRef = A033 /* ActivityViewModel.swift */; };
		B034 /* WaterViewModel.swift in Sources */ = {isa = PBXBuildFile; fileRef = A034 /* WaterViewModel.swift */; };
		B035 /* WeightViewModel.swift in Sources */ = {isa = PBXBuildFile; fileRef = A035 /* WeightViewModel.swift */; };
		B036 /* InsightsViewModel.swift in Sources */ = {isa = PBXBuildFile; fileRef = A036 /* InsightsViewModel.swift */; };
		B037 /* JournalViewModel.swift in Sources */ = {isa = PBXBuildFile; fileRef = A037 /* JournalViewModel.swift */; };
		B040 /* RingProgressView.swift in Sources */ = {isa = PBXBuildFile; fileRef = A040 /* RingProgressView.swift */; };
		B041 /* MetricCard.swift in Sources */ = {isa = PBXBuildFile; fileRef = A041 /* MetricCard.swift */; };
		B050 /* SignInView.swift in Sources */ = {isa = PBXBuildFile; fileRef = A050 /* SignInView.swift */; };
		B051 /* OnboardingView.swift in Sources */ = {isa = PBXBuildFile; fileRef = A051 /* OnboardingView.swift */; };
		B060 /* DashboardView.swift in Sources */ = {isa = PBXBuildFile; fileRef = A060 /* DashboardView.swift */; };
		B061 /* NutritionView.swift in Sources */ = {isa = PBXBuildFile; fileRef = A061 /* NutritionView.swift */; };
		B062 /* SleepView.swift in Sources */ = {isa = PBXBuildFile; fileRef = A062 /* SleepView.swift */; };
		B063 /* ActivityView.swift in Sources */ = {isa = PBXBuildFile; fileRef = A063 /* ActivityView.swift */; };
		B064 /* WaterView.swift in Sources */ = {isa = PBXBuildFile; fileRef = A064 /* WaterView.swift */; };
		B065 /* WeightView.swift in Sources */ = {isa = PBXBuildFile; fileRef = A065 /* WeightView.swift */; };
		B066 /* InsightsView.swift in Sources */ = {isa = PBXBuildFile; fileRef = A066 /* InsightsView.swift */; };
		B067 /* JournalView.swift in Sources */ = {isa = PBXBuildFile; fileRef = A067 /* JournalView.swift */; };
		B068 /* ProfileView.swift in Sources */ = {isa = PBXBuildFile; fileRef = A068 /* ProfileView.swift */; };
		CB5DD9C02F46213900B7912A /* Supabase in Frameworks */ = {isa = PBXBuildFile; productRef = SUPAPKGDEP /* Supabase */; };
/* End PBXBuildFile section */

/* Begin PBXFileReference section */
		A001 /* HealthInsightProApp.swift */ = {isa = PBXFileReference; lastKnownFileType = sourcecode.swift; path = HealthInsightProApp.swift; sourceTree = "<group>"; };
		A002 /* Theme.swift */ = {isa = PBXFileReference; lastKnownFileType = sourcecode.swift; path = Theme.swift; sourceTree = "<group>"; };
		A003 /* Extensions.swift */ = {isa = PBXFileReference; lastKnownFileType = sourcecode.swift; path = Extensions.swift; sourceTree = "<group>"; };
		A004 /* Constants.swift */ = {isa = PBXFileReference; lastKnownFileType = sourcecode.swift; path = Constants.swift; sourceTree = "<group>"; };
		A010 /* UserProfile.swift */ = {isa = PBXFileReference; lastKnownFileType = sourcecode.swift; path = UserProfile.swift; sourceTree = "<group>"; };
		A011 /* Nutrition.swift */ = {isa = PBXFileReference; lastKnownFileType = sourcecode.swift; path = Nutrition.swift; sourceTree = "<group>"; };
		A012 /* Sleep.swift */ = {isa = PBXFileReference; lastKnownFileType = sourcecode.swift; path = Sleep.swift; sourceTree = "<group>"; };
		A013 /* Activity.swift */ = {isa = PBXFileReference; lastKnownFileType = sourcecode.swift; path = Activity.swift; sourceTree = "<group>"; };
		A014 /* HealthMetrics.swift */ = {isa = PBXFileReference; lastKnownFileType = sourcecode.swift; path = HealthMetrics.swift; sourceTree = "<group>"; };
		A020 /* SupabaseService.swift */ = {isa = PBXFileReference; lastKnownFileType = sourcecode.swift; path = SupabaseService.swift; sourceTree = "<group>"; };
		A021 /* AuthService.swift */ = {isa = PBXFileReference; lastKnownFileType = sourcecode.swift; path = AuthService.swift; sourceTree = "<group>"; };
		A022 /* HealthKitService.swift */ = {isa = PBXFileReference; lastKnownFileType = sourcecode.swift; path = HealthKitService.swift; sourceTree = "<group>"; };
		A023 /* OpenFoodFactsService.swift */ = {isa = PBXFileReference; lastKnownFileType = sourcecode.swift; path = OpenFoodFactsService.swift; sourceTree = "<group>"; };
		A030 /* DashboardViewModel.swift */ = {isa = PBXFileReference; lastKnownFileType = sourcecode.swift; path = DashboardViewModel.swift; sourceTree = "<group>"; };
		A031 /* NutritionViewModel.swift */ = {isa = PBXFileReference; lastKnownFileType = sourcecode.swift; path = NutritionViewModel.swift; sourceTree = "<group>"; };
		A032 /* SleepViewModel.swift */ = {isa = PBXFileReference; lastKnownFileType = sourcecode.swift; path = SleepViewModel.swift; sourceTree = "<group>"; };
		A033 /* ActivityViewModel.swift */ = {isa = PBXFileReference; lastKnownFileType = sourcecode.swift; path = ActivityViewModel.swift; sourceTree = "<group>"; };
		A034 /* WaterViewModel.swift */ = {isa = PBXFileReference; lastKnownFileType = sourcecode.swift; path = WaterViewModel.swift; sourceTree = "<group>"; };
		A035 /* WeightViewModel.swift */ = {isa = PBXFileReference; lastKnownFileType = sourcecode.swift; path = WeightViewModel.swift; sourceTree = "<group>"; };
		A036 /* InsightsViewModel.swift */ = {isa = PBXFileReference; lastKnownFileType = sourcecode.swift; path = InsightsViewModel.swift; sourceTree = "<group>"; };
		A037 /* JournalViewModel.swift */ = {isa = PBXFileReference; lastKnownFileType = sourcecode.swift; path = JournalViewModel.swift; sourceTree = "<group>"; };
		A040 /* RingProgressView.swift */ = {isa = PBXFileReference; lastKnownFileType = sourcecode.swift; path = RingProgressView.swift; sourceTree = "<group>"; };
		A041 /* MetricCard.swift */ = {isa = PBXFileReference; lastKnownFileType = sourcecode.swift; path = MetricCard.swift; sourceTree = "<group>"; };
		A050 /* SignInView.swift */ = {isa = PBXFileReference; lastKnownFileType = sourcecode.swift; path = SignInView.swift; sourceTree = "<group>"; };
		A051 /* OnboardingView.swift */ = {isa = PBXFileReference; lastKnownFileType = sourcecode.swift; path = OnboardingView.swift; sourceTree = "<group>"; };
		A060 /* DashboardView.swift */ = {isa = PBXFileReference; lastKnownFileType = sourcecode.swift; path = DashboardView.swift; sourceTree = "<group>"; };
		A061 /* NutritionView.swift */ = {isa = PBXFileReference; lastKnownFileType = sourcecode.swift; path = NutritionView.swift; sourceTree = "<group>"; };
		A062 /* SleepView.swift */ = {isa = PBXFileReference; lastKnownFileType = sourcecode.swift; path = SleepView.swift; sourceTree = "<group>"; };
		A063 /* ActivityView.swift */ = {isa = PBXFileReference; lastKnownFileType = sourcecode.swift; path = ActivityView.swift; sourceTree = "<group>"; };
		A064 /* WaterView.swift */ = {isa = PBXFileReference; lastKnownFileType = sourcecode.swift; path = WaterView.swift; sourceTree = "<group>"; };
		A065 /* WeightView.swift */ = {isa = PBXFileReference; lastKnownFileType = sourcecode.swift; path = WeightView.swift; sourceTree = "<group>"; };
		A066 /* InsightsView.swift */ = {isa = PBXFileReference; lastKnownFileType = sourcecode.swift; path = InsightsView.swift; sourceTree = "<group>"; };
		A067 /* JournalView.swift */ = {isa = PBXFileReference; lastKnownFileType = sourcecode.swift; path = JournalView.swift; sourceTree = "<group>"; };
		A068 /* ProfileView.swift */ = {isa = PBXFileReference; lastKnownFileType = sourcecode.swift; path = ProfileView.swift; sourceTree = "<group>"; };
		APLIST /* Info.plist */ = {isa = PBXFileReference; lastKnownFileType = text.plist.xml; path = Info.plist; sourceTree = "<group>"; };
		APRODUCT /* HealthInsightPro.app */ = {isa = PBXFileReference; explicitFileType = wrapper.application; includeInIndex = 0; path = HealthInsightPro.app; sourceTree = BUILT_PRODUCTS_DIR; };
/* End PBXFileReference section */

/* Begin PBXFrameworksBuildPhase section */
		FWKPHASE /* Frameworks */ = {
			isa = PBXFrameworksBuildPhase;
			buildActionMask = 2147483647;
			files = (
				CB5DD9C02F46213900B7912A /* Supabase in Frameworks */,
			);
			runOnlyForDeploymentPostprocessing = 0;
		};
/* End PBXFrameworksBuildPhase section */

/* Begin PBXGroup section */
		ACTGROUP /* Activity */ = {
			isa = PBXGroup;
			children = (
				A063 /* ActivityView.swift */,
			);
			path = Activity;
			sourceTree = "<group>";
		};
		APPGROUP /* HealthInsightPro */ = {
			isa = PBXGroup;
			children = (
				A001 /* HealthInsightProApp.swift */,
				APLIST /* Info.plist */,
				UTILGROUP /* Utilities */,
				MODELGROUP /* Models */,
				SVCGROUP /* Services */,
				VMGROUP /* ViewModels */,
				VIEWGROUP /* Views */,
			);
			path = HealthInsightPro;
			sourceTree = "<group>";
		};
		AUTHGROUP /* Auth */ = {
			isa = PBXGroup;
			children = (
				A050 /* SignInView.swift */,
			);
			path = Auth;
			sourceTree = "<group>";
		};
		COMPGROUP /* Components */ = {
			isa = PBXGroup;
			children = (
				A040 /* RingProgressView.swift */,
				A041 /* MetricCard.swift */,
			);
			path = Components;
			sourceTree = "<group>";
		};
		DASHGROUP /* Dashboard */ = {
			isa = PBXGroup;
			children = (
				A060 /* DashboardView.swift */,
			);
			path = Dashboard;
			sourceTree = "<group>";
		};
		INSGROUP /* Insights */ = {
			isa = PBXGroup;
			children = (
				A066 /* InsightsView.swift */,
			);
			path = Insights;
			sourceTree = "<group>";
		};
		JRNGROUP /* Journal */ = {
			isa = PBXGroup;
			children = (
				A067 /* JournalView.swift */,
			);
			path = Journal;
			sourceTree = "<group>";
		};
		MAINGROUP = {
			isa = PBXGroup;
			children = (
				APPGROUP /* HealthInsightPro */,
				PRODUCTSGROUP /* Products */,
			);
			sourceTree = "<group>";
		};
		MODELGROUP /* Models */ = {
			isa = PBXGroup;
			children = (
				A010 /* UserProfile.swift */,
				A011 /* Nutrition.swift */,
				A012 /* Sleep.swift */,
				A013 /* Activity.swift */,
				A014 /* HealthMetrics.swift */,
			);
			path = Models;
			sourceTree = "<group>";
		};
		NUTRIGROUP /* Nutrition */ = {
			isa = PBXGroup;
			children = (
				A061 /* NutritionView.swift */,
			);
			path = Nutrition;
			sourceTree = "<group>";
		};
		ONBGROUP /* Onboarding */ = {
			isa = PBXGroup;
			children = (
				A051 /* OnboardingView.swift */,
			);
			path = Onboarding;
			sourceTree = "<group>";
		};
		PRODUCTSGROUP /* Products */ = {
			isa = PBXGroup;
			children = (
				APRODUCT /* HealthInsightPro.app */,
			);
			name = Products;
			sourceTree = "<group>";
		};
		PROFGROUP /* Profile */ = {
			isa = PBXGroup;
			children = (
				A068 /* ProfileView.swift */,
			);
			path = Profile;
			sourceTree = "<group>";
		};
		SLEEPGROUP /* Sleep */ = {
			isa = PBXGroup;
			children = (
				A062 /* SleepView.swift */,
			);
			path = Sleep;
			sourceTree = "<group>";
		};
		SVCGROUP /* Services */ = {
			isa = PBXGroup;
			children = (
				A020 /* SupabaseService.swift */,
				A021 /* AuthService.swift */,
				A022 /* HealthKitService.swift */,
				A023 /* OpenFoodFactsService.swift */,
			);
			path = Services;
			sourceTree = "<group>";
		};
		UTILGROUP /* Utilities */ = {
			isa = PBXGroup;
			children = (
				A002 /* Theme.swift */,
				A003 /* Extensions.swift */,
				A004 /* Constants.swift */,
			);
			path = Utilities;
			sourceTree = "<group>";
		};
		VIEWGROUP /* Views */ = {
			isa = PBXGroup;
			children = (
				COMPGROUP /* Components */,
				AUTHGROUP /* Auth */,
				ONBGROUP /* Onboarding */,
				DASHGROUP /* Dashboard */,
				NUTRIGROUP /* Nutrition */,
				SLEEPGROUP /* Sleep */,
				ACTGROUP /* Activity */,
				WATERGROUP /* Water */,
				WTGROUP /* Weight */,
				INSGROUP /* Insights */,
				JRNGROUP /* Journal */,
				PROFGROUP /* Profile */,
			);
			path = Views;
			sourceTree = "<group>";
		};
		VMGROUP /* ViewModels */ = {
			isa = PBXGroup;
			children = (
				A030 /* DashboardViewModel.swift */,
				A031 /* NutritionViewModel.swift */,
				A032 /* SleepViewModel.swift */,
				A033 /* ActivityViewModel.swift */,
				A034 /* WaterViewModel.swift */,
				A035 /* WeightViewModel.swift */,
				A036 /* InsightsViewModel.swift */,
				A037 /* JournalViewModel.swift */,
			);
			path = ViewModels;
			sourceTree = "<group>";
		};
		WATERGROUP /* Water */ = {
			isa = PBXGroup;
			children = (
				A064 /* WaterView.swift */,
			);
			path = Water;
			sourceTree = "<group>";
		};
		WTGROUP /* Weight */ = {
			isa = PBXGroup;
			children = (
				A065 /* WeightView.swift */,
			);
			path = Weight;
			sourceTree = "<group>";
		};
/* End PBXGroup section */

/* Begin PBXNativeTarget section */
		TARGET1 /* HealthInsightPro */ = {
			isa = PBXNativeTarget;
			buildConfigurationList = BLDCFGLIST /* Build configuration list for PBXNativeTarget "HealthInsightPro" */;
			buildPhases = (
				SRCPHASE /* Sources */,
				FWKPHASE /* Frameworks */,
				RSRCPHASE /* Resources */,
			);
			buildRules = (
			);
			dependencies = (
			);
			name = HealthInsightPro;
			packageProductDependencies = (
				SUPAPKGDEP /* Supabase */,
			);
			productName = HealthInsightPro;
			productReference = APRODUCT /* HealthInsightPro.app */;
			productType = "com.apple.product-type.application";
		};
/* End PBXNativeTarget section */

/* Begin PBXProject section */
		PROJECT /* Project object */ = {
			isa = PBXProject;
			attributes = {
				BuildIndependentTargetsInParallel = 1;
				LastSwiftUpdateCheck = 1500;
				LastUpgradeCheck = 1500;
				TargetAttributes = {
					TARGET1 = {
						CreatedOnToolsVersion = 15.0;
					};
				};
			};
			buildConfigurationList = PROJBLDCFG /* Build configuration list for PBXProject "HealthInsightPro" */;
			compatibilityVersion = "Xcode 14.0";
			developmentRegion = en;
			hasScannedForEncodings = 0;
			knownRegions = (
				en,
				Base,
			);
			mainGroup = MAINGROUP;
			packageReferences = (
				SUPAPKGREF /* XCRemoteSwiftPackageReference "supabase-swift" */,
			);
			productRefGroup = PRODUCTSGROUP /* Products */;
			projectDirPath = "";
			projectRoot = "";
			targets = (
				TARGET1 /* HealthInsightPro */,
			);
		};
/* End PBXProject section */

/* Begin PBXResourcesBuildPhase section */
		RSRCPHASE /* Resources */ = {
			isa = PBXResourcesBuildPhase;
			buildActionMask = 2147483647;
			files = (
			);
			runOnlyForDeploymentPostprocessing = 0;
		};
/* End PBXResourcesBuildPhase section */

/* Begin PBXSourcesBuildPhase section */
		SRCPHASE /* Sources */ = {
			isa = PBXSourcesBuildPhase;
			buildActionMask = 2147483647;
			files = (
				B001 /* HealthInsightProApp.swift in Sources */,
				B002 /* Theme.swift in Sources */,
				B003 /* Extensions.swift in Sources */,
				B004 /* Constants.swift in Sources */,
				B010 /* UserProfile.swift in Sources */,
				B011 /* Nutrition.swift in Sources */,
				B012 /* Sleep.swift in Sources */,
				B013 /* Activity.swift in Sources */,
				B014 /* HealthMetrics.swift in Sources */,
				B020 /* SupabaseService.swift in Sources */,
				B021 /* AuthService.swift in Sources */,
				B022 /* HealthKitService.swift in Sources */,
				B023 /* OpenFoodFactsService.swift in Sources */,
				B030 /* DashboardViewModel.swift in Sources */,
				B031 /* NutritionViewModel.swift in Sources */,
				B032 /* SleepViewModel.swift in Sources */,
				B033 /* ActivityViewModel.swift in Sources */,
				B034 /* WaterViewModel.swift in Sources */,
				B035 /* WeightViewModel.swift in Sources */,
				B036 /* InsightsViewModel.swift in Sources */,
				B037 /* JournalViewModel.swift in Sources */,
				B040 /* RingProgressView.swift in Sources */,
				B041 /* MetricCard.swift in Sources */,
				B050 /* SignInView.swift in Sources */,
				B051 /* OnboardingView.swift in Sources */,
				B060 /* DashboardView.swift in Sources */,
				B061 /* NutritionView.swift in Sources */,
				B062 /* SleepView.swift in Sources */,
				B063 /* ActivityView.swift in Sources */,
				B064 /* WaterView.swift in Sources */,
				B065 /* WeightView.swift in Sources */,
				B066 /* InsightsView.swift in Sources */,
				B067 /* JournalView.swift in Sources */,
				B068 /* ProfileView.swift in Sources */,
			);
			runOnlyForDeploymentPostprocessing = 0;
		};
/* End PBXSourcesBuildPhase section */

/* Begin XCBuildConfiguration section */
		DEBUGCFG /* Debug */ = {
			isa = XCBuildConfiguration;
			buildSettings = {
				ALWAYS_SEARCH_USER_PATHS = NO;
				CLANG_ANALYZER_NONNULL = YES;
				CLANG_CXX_LANGUAGE_STANDARD = "gnu++20";
				CLANG_ENABLE_MODULES = YES;
				CLANG_ENABLE_OBJC_ARC = YES;
				CLANG_ENABLE_OBJC_WEAK = YES;
				COPY_PHASE_STRIP = NO;
				DEBUG_INFORMATION_FORMAT = dwarf;
				ENABLE_STRICT_OBJC_MSGSEND = YES;
				ENABLE_TESTABILITY = YES;
				GCC_C_LANGUAGE_STANDARD = gnu17;
				GCC_DYNAMIC_NO_PIC = NO;
				GCC_OPTIMIZATION_LEVEL = 0;
				GCC_PREPROCESSOR_DEFINITIONS = (
					"DEBUG=1",
					"$(inherited)",
				);
				MTL_ENABLE_DEBUG_INFO = INCLUDE_SOURCE;
				MTL_FAST_MATH = YES;
				ONLY_ACTIVE_ARCH = YES;
				SWIFT_ACTIVE_COMPILATION_CONDITIONS = DEBUG;
				SWIFT_OPTIMIZATION_LEVEL = "-Onone";
			};
			name = Debug;
		};
		RELEASECFG /* Release */ = {
			isa = XCBuildConfiguration;
			buildSettings = {
				ALWAYS_SEARCH_USER_PATHS = NO;
				CLANG_ANALYZER_NONNULL = YES;
				CLANG_CXX_LANGUAGE_STANDARD = "gnu++20";
				CLANG_ENABLE_MODULES = YES;
				CLANG_ENABLE_OBJC_ARC = YES;
				CLANG_ENABLE_OBJC_WEAK = YES;
				COPY_PHASE_STRIP = NO;
				DEBUG_INFORMATION_FORMAT = "dwarf-with-dsym";
				ENABLE_NS_ASSERTIONS = NO;
				ENABLE_STRICT_OBJC_MSGSEND = YES;
				GCC_C_LANGUAGE_STANDARD = gnu17;
				MTL_FAST_MATH = YES;
				SWIFT_COMPILATION_MODE = wholemodule;
				SWIFT_OPTIMIZATION_LEVEL = "-O";
			};
			name = Release;
		};
		TARGETDEBUG /* Debug */ = {
			isa = XCBuildConfiguration;
			buildSettings = {
				ASSETCATALOG_COMPILER_APPICON_NAME = AppIcon;
				ASSETCATALOG_COMPILER_GLOBAL_ACCENT_COLOR_NAME = AccentColor;
				CODE_SIGN_ENTITLEMENTS = HealthInsightPro/HealthInsightPro.entitlements;
				CODE_SIGN_STYLE = Automatic;
				CURRENT_PROJECT_VERSION = 1;
				DEVELOPMENT_ASSET_PATHS = "";
				DEVELOPMENT_TEAM = 286LKF859M;
				ENABLE_PREVIEWS = YES;
				GENERATE_INFOPLIST_FILE = NO;
				INFOPLIST_FILE = HealthInsightPro/Info.plist;
				INFOPLIST_KEY_LSApplicationCategoryType = "public.app-category.healthcare-fitness";
				IPHONEOS_DEPLOYMENT_TARGET = 17.0;
				LD_RUNPATH_SEARCH_PATHS = (
					"$(inherited)",
					"@executable_path/Frameworks",
				);
				MARKETING_VERSION = 1.0;
				PRODUCT_BUNDLE_IDENTIFIER = com.healthinsightpro.app;
				PRODUCT_NAME = "$(TARGET_NAME)";
				SUPPORTED_PLATFORMS = "iphoneos iphonesimulator";
				SUPPORTS_MACCATALYST = NO;
				SWIFT_EMIT_LOC_STRINGS = YES;
				SWIFT_VERSION = 5.0;
				TARGETED_DEVICE_FAMILY = "1,2";
			};
			name = Debug;
		};
		TARGETRELEASE /* Release */ = {
			isa = XCBuildConfiguration;
			buildSettings = {
				ASSETCATALOG_COMPILER_APPICON_NAME = AppIcon;
				ASSETCATALOG_COMPILER_GLOBAL_ACCENT_COLOR_NAME = AccentColor;
				CODE_SIGN_ENTITLEMENTS = HealthInsightPro/HealthInsightPro.entitlements;
				CODE_SIGN_STYLE = Automatic;
				CURRENT_PROJECT_VERSION = 1;
				DEVELOPMENT_ASSET_PATHS = "";
				DEVELOPMENT_TEAM = 286LKF859M;
				ENABLE_PREVIEWS = YES;
				GENERATE_INFOPLIST_FILE = NO;
				INFOPLIST_FILE = HealthInsightPro/Info.plist;
				INFOPLIST_KEY_LSApplicationCategoryType = "public.app-category.healthcare-fitness";
				IPHONEOS_DEPLOYMENT_TARGET = 17.0;
				LD_RUNPATH_SEARCH_PATHS = (
					"$(inherited)",
					"@executable_path/Frameworks",
				);
				MARKETING_VERSION = 1.0;
				PRODUCT_BUNDLE_IDENTIFIER = com.healthinsightpro.app;
				PRODUCT_NAME = "$(TARGET_NAME)";
				SUPPORTED_PLATFORMS = "iphoneos iphonesimulator";
				SUPPORTS_MACCATALYST = NO;
				SWIFT_EMIT_LOC_STRINGS = YES;
				SWIFT_VERSION = 5.0;
				TARGETED_DEVICE_FAMILY = "1,2";
			};
			name = Release;
		};
/* End XCBuildConfiguration section */

/* Begin XCConfigurationList section */
		BLDCFGLIST /* Build configuration list for PBXNativeTarget "HealthInsightPro" */ = {
			isa = XCConfigurationList;
			buildConfigurations = (
				TARGETDEBUG /* Debug */,
				TARGETRELEASE /* Release */,
			);
			defaultConfigurationIsVisible = 0;
			defaultConfigurationName = Release;
		};
		PROJBLDCFG /* Build configuration list for PBXProject "HealthInsightPro" */ = {
			isa = XCConfigurationList;
			buildConfigurations = (
				DEBUGCFG /* Debug */,
				RELEASECFG /* Release */,
			);
			defaultConfigurationIsVisible = 0;
			defaultConfigurationName = Release;
		};
/* End XCConfigurationList section */

/* Begin XCRemoteSwiftPackageReference section */
		SUPAPKGREF /* XCRemoteSwiftPackageReference "supabase-swift" */ = {
			isa = XCRemoteSwiftPackageReference;
			repositoryURL = "https://github.com/supabase/supabase-swift.git";
			requirement = {
				kind = upToNextMajorVersion;
				minimumVersion = 2.0.0;
			};
		};
/* End XCRemoteSwiftPackageReference section */

/* Begin XCSwiftPackageProductDependency section */
		SUPAPKGDEP /* Supabase */ = {
			isa = XCSwiftPackageProductDependency;
			package = SUPAPKGREF /* XCRemoteSwiftPackageReference "supabase-swift" */;
			productName = Supabase;
		};
/* End XCSwiftPackageProductDependency section */
	};
	rootObject = PROJECT /* Project object */;
}
